
Microsoft Visual Studio Solution File, Format Version 12.00
# Visual Studio Version 16
VisualStudioVersion = 16.0.31402.337
MinimumVisualStudioVersion = 10.0.40219.1
Project("{FAE04EC0-301F-11D3-BF4B-00C04F79EFBC}") = "Baitap1", "Baitap1.csproj", "{0560CD07-5ED6-4A54-B764-1BC05BFADA51}"
EndProject
Global
	GlobalSection(SolutionConfigurationPlatforms) = preSolution
		Debug|Any CPU = Debug|Any CPU
		Release|Any CPU = Release|Any CPU
	EndGlobalSection
	GlobalSection(ProjectConfigurationPlatforms) = postSolution
		{0560CD07-5ED6-4A54-B764-1BC05BFADA51}.Debug|Any CPU.ActiveCfg = Debug|Any CPU
		{0560CD07-5ED6-4A54-B764-1BC05BFADA51}.Debug|Any CPU.Build.0 = Debug|Any CPU
		{0560CD07-5ED6-4A54-B764-1BC05BFADA51}.Release|Any CPU.ActiveCfg = Release|Any CPU
		{0560CD07-5ED6-4A54-B764-1BC05BFADA51}.Release|Any CPU.Build.0 = Release|Any CPU
	EndGlobalSection
	GlobalSection(SolutionProperties) = preSolution
		HideSolutionNode = FALSE
	EndGlobalSection
	GlobalSection(ExtensibilityGlobals) = postSolution
		SolutionGuid = {4CC0041A-A8B4-477E-8CBF-87AB67B6830A}
	EndGlobalSection
EndGlobal
